
Microsoft Visual Studio Solution File, Format Version 12.00
# Visual Studio Version 16
VisualStudioVersion = 16.0.29409.12
MinimumVisualStudioVersion = 10.0.40219.1
Project("{FAE04EC0-301F-11D3-BF4B-00C04F79EFBC}") = "7_3_ExtractiongIBookingRepository", "7_3_ExtractiongIBookingRepository\7_3_ExtractiongIBookingRepository.csproj", "{514E9AB6-3BE5-4A98-A6C8-254F62613ACD}"
EndProject
Project("{FAE04EC0-301F-11D3-BF4B-00C04F79EFBC}") = "TestNinja.UnitTests", "TestNinja.UnitTests\TestNinja.UnitTests.csproj", "{0580F947-0A8A-484A-A1B9-CDF8C2FAF02E}"
EndProject
Global
	GlobalSection(SolutionConfigurationPlatforms) = preSolution
		Debug|Any CPU = Debug|Any CPU
		Release|Any CPU = Release|Any CPU
	EndGlobalSection
	GlobalSection(ProjectConfigurationPlatforms) = postSolution
		{514E9AB6-3BE5-4A98-A6C8-254F62613ACD}.Debug|Any CPU.ActiveCfg = Debug|Any CPU
		{514E9AB6-3BE5-4A98-A6C8-254F62613ACD}.Debug|Any CPU.Build.0 = Debug|Any CPU
		{514E9AB6-3BE5-4A98-A6C8-254F62613ACD}.Release|Any CPU.ActiveCfg = Release|Any CPU
		{514E9AB6-3BE5-4A98-A6C8-254F62613ACD}.Release|Any CPU.Build.0 = Release|Any CPU
		{0580F947-0A8A-484A-A1B9-CDF8C2FAF02E}.Debug|Any CPU.ActiveCfg = Debug|Any CPU
		{0580F947-0A8A-484A-A1B9-CDF8C2FAF02E}.Debug|Any CPU.Build.0 = Debug|Any CPU
		{0580F947-0A8A-484A-A1B9-CDF8C2FAF02E}.Release|Any CPU.ActiveCfg = Release|Any CPU
		{0580F947-0A8A-484A-A1B9-CDF8C2FAF02E}.Release|Any CPU.Build.0 = Release|Any CPU
	EndGlobalSection
	GlobalSection(SolutionProperties) = preSolution
		HideSolutionNode = FALSE
	EndGlobalSection
	GlobalSection(ExtensibilityGlobals) = postSolution
		SolutionGuid = {036C4DBB-84D7-4CD5-BAA7-D6CDAD96102B}
	EndGlobalSection
EndGlobal
